
Microsoft Visual Studio Solution File, Format Version 12.00
# Visual Studio Version 16
VisualStudioVersion = 16.0.30204.135
MinimumVisualStudioVersion = 10.0.40219.1
Project("{FAE04EC0-301F-11D3-BF4B-00C04F79EFBC}") = "Txiribimakula.ExpertDebug", "Txiribimakula.ExpertWatch\Txiribimakula.ExpertDebug.csproj", "{AB798862-8DBD-4182-9D2C-CF43ABB67288}"
EndProject
Project("{FAE04EC0-301F-11D3-BF4B-00C04F79EFBC}") = "Txiribimakula.ExpertWatch.Loading", "Txiribimakula.ExpertWatch.Loading\Txiribimakula.ExpertWatch.Loading.csproj", "{6C788DB1-A828-42B8-8E67-92F7D7206FB2}"
EndProject
Project("{FAE04EC0-301F-11D3-BF4B-00C04F79EFBC}") = "Txiribimakula.ExpertWatch.Drawing", "Txiribimakula.ExpertWatch.Drawing\Txiribimakula.ExpertWatch.Drawing.csproj", "{483B7C54-A5AA-4047-998E-B2DD8A7844AE}"
EndProject
Project("{FAE04EC0-301F-11D3-BF4B-00C04F79EFBC}") = "Txiribimakula.ExpertWatch.Geometries", "Txiribimakula.ExpertWatch.Geometries\Txiribimakula.ExpertWatch.Geometries.csproj", "{70484C70-64CA-4ECB-96AF-2AE820C4059D}"
EndProject
Global
	GlobalSection(SolutionConfigurationPlatforms) = preSolution
		Debug|Any CPU = Debug|Any CPU
		Debug|x64 = Debug|x64
		Release|Any CPU = Release|Any CPU
		Release|x64 = Release|x64
	EndGlobalSection
	GlobalSection(ProjectConfigurationPlatforms) = postSolution
		{AB798862-8DBD-4182-9D2C-CF43ABB67288}.Debug|Any CPU.ActiveCfg = Debug|Any CPU
		{AB798862-8DBD-4182-9D2C-CF43ABB67288}.Debug|Any CPU.Build.0 = Debug|Any CPU
		{AB798862-8DBD-4182-9D2C-CF43ABB67288}.Debug|x64.ActiveCfg = Debug|x64
		{AB798862-8DBD-4182-9D2C-CF43ABB67288}.Debug|x64.Build.0 = Debug|x64
		{AB798862-8DBD-4182-9D2C-CF43ABB67288}.Release|Any CPU.ActiveCfg = Release|Any CPU
		{AB798862-8DBD-4182-9D2C-CF43ABB67288}.Release|Any CPU.Build.0 = Release|Any CPU
		{AB798862-8DBD-4182-9D2C-CF43ABB67288}.Release|x64.ActiveCfg = Release|x64
		{AB798862-8DBD-4182-9D2C-CF43ABB67288}.Release|x64.Build.0 = Release|x64
		{6C788DB1-A828-42B8-8E67-92F7D7206FB2}.Debug|Any CPU.ActiveCfg = Debug|Any CPU
		{6C788DB1-A828-42B8-8E67-92F7D7206FB2}.Debug|Any CPU.Build.0 = Debug|Any CPU
		{6C788DB1-A828-42B8-8E67-92F7D7206FB2}.Debug|x64.ActiveCfg = Debug|Any CPU
		{6C788DB1-A828-42B8-8E67-92F7D7206FB2}.Debug|x64.Build.0 = Debug|Any CPU
		{6C788DB1-A828-42B8-8E67-92F7D7206FB2}.Release|Any CPU.ActiveCfg = Release|Any CPU
		{6C788DB1-A828-42B8-8E67-92F7D7206FB2}.Release|Any CPU.Build.0 = Release|Any CPU
		{6C788DB1-A828-42B8-8E67-92F7D7206FB2}.Release|x64.ActiveCfg = Release|Any CPU
		{6C788DB1-A828-42B8-8E67-92F7D7206FB2}.Release|x64.Build.0 = Release|Any CPU
		{483B7C54-A5AA-4047-998E-B2DD8A7844AE}.Debug|Any CPU.ActiveCfg = Debug|Any CPU
		{483B7C54-A5AA-4047-998E-B2DD8A7844AE}.Debug|Any CPU.Build.0 = Debug|Any CPU
		{483B7C54-A5AA-4047-998E-B2DD8A7844AE}.Debug|x64.ActiveCfg = Debug|Any CPU
		{483B7C54-A5AA-4047-998E-B2DD8A7844AE}.Debug|x64.Build.0 = Debug|Any CPU
		{483B7C54-A5AA-4047-998E-B2DD8A7844AE}.Release|Any CPU.ActiveCfg = Release|Any CPU
		{483B7C54-A5AA-4047-998E-B2DD8A7844AE}.Release|Any CPU.Build.0 = Release|Any CPU
		{483B7C54-A5AA-4047-998E-B2DD8A7844AE}.Release|x64.ActiveCfg = Release|Any CPU
		{483B7C54-A5AA-4047-998E-B2DD8A7844AE}.Release|x64.Build.0 = Release|Any CPU
		{70484C70-64CA-4ECB-96AF-2AE820C4059D}.Debug|Any CPU.ActiveCfg = Debug|Any CPU
		{70484C70-64CA-4ECB-96AF-2AE820C4059D}.Debug|Any CPU.Build.0 = Debug|Any CPU
		{70484C70-64CA-4ECB-96AF-2AE820C4059D}.Debug|x64.ActiveCfg = Debug|Any CPU
		{70484C70-64CA-4ECB-96AF-2AE820C4059D}.Debug|x64.Build.0 = Debug|Any CPU
		{70484C70-64CA-4ECB-96AF-2AE820C4059D}.Release|Any CPU.ActiveCfg = Release|Any CPU
		{70484C70-64CA-4ECB-96AF-2AE820C4059D}.Release|Any CPU.Build.0 = Release|Any CPU
		{70484C70-64CA-4ECB-96AF-2AE820C4059D}.Release|x64.ActiveCfg = Release|Any CPU
		{70484C70-64CA-4ECB-96AF-2AE820C4059D}.Release|x64.Build.0 = Release|Any CPU
	EndGlobalSection
	GlobalSection(SolutionProperties) = preSolution
		HideSolutionNode = FALSE
	EndGlobalSection
	GlobalSection(ExtensibilityGlobals) = postSolution
		SolutionGuid = {5CE03676-F647-46A1-BE67-05C56AD42085}
	EndGlobalSection
EndGlobal
